// !$*UTF8*$!
{
	archiveVersion = 1;
	classes = {
	};
	objectVersion = 50;
	objects = {

/* Begin PBXBuildFile section */
		B2914A1626B2F2D200CDF150 /* AppDelegate.swift in Sources */ = {isa = PBXBuildFile; fileRef = B2914A1526B2F2D200CDF150 /* AppDelegate.swift */; };
		B2914A1826B2F2D200CDF150 /* SceneDelegate.swift in Sources */ = {isa = PBXBuildFile; fileRef = B2914A1726B2F2D200CDF150 /* SceneDelegate.swift */; };
		B2914A1A26B2F2D200CDF150 /* ViewController.swift in Sources */ = {isa = PBXBuildFile; fileRef = B2914A1926B2F2D200CDF150 /* ViewController.swift */; };
		B2914A1D26B2F2D200CDF150 /* Main.storyboard in Resources */ = {isa = PBXBuildFile; fileRef = B2914A1B26B2F2D200CDF150 /* Main.storyboard */; };
		B2914A1F26B2F2D400CDF150 /* Assets.xcassets in Resources */ = {isa = PBXBuildFile; fileRef = B2914A1E26B2F2D400CDF150 /* Assets.xcassets */; };
		B2914A2226B2F2D400CDF150 /* LaunchScreen.storyboard in Resources */ = {isa = PBXBuildFile; fileRef = B2914A2026B2F2D400CDF150 /* LaunchScreen.storyboard */; };
/* End PBXBuildFile section */

/* Begin PBXFileReference section */
		B2914A1226B2F2D200CDF150 /* eggTimer.app */ = {isa = PBXFileReference; explicitFileType = wrapper.application; includeInIndex = 0; path = eggTimer.app; sourceTree = BUILT_PRODUCTS_DIR; };
		B2914A1526B2F2D200CDF150 /* AppDelegate.swift */ = {isa = PBXFileReference; lastKnownFileType = sourcecode.swift; path = AppDelegate.swift; sourceTree = "<group>"; };
		B2914A1726B2F2D200CDF150 /* SceneDelegate.swift */ = {isa = PBXFileReference; lastKnownFileType = sourcecode.swift; path = SceneDelegate.swift; sourceTree = "<group>"; };
		B2914A1926B2F2D200CDF150 /* ViewController.swift */ = {isa = PBXFileReference; lastKnownFileType = sourcecode.swift; path = ViewController.swift; sourceTree = "<group>"; };
		B2914A1C26B2F2D200CDF150 /* Base */ = {isa = PBXFileReference; lastKnownFileType = file.storyboard; name = Base; path = Base.lproj/Main.storyboard; sourceTree = "<group>"; };
		B2914A1E26B2F2D400CDF150 /* Assets.xcassets */ = {isa = PBXFileReference; lastKnownFileType = folder.assetcatalog; path = Assets.xcassets; sourceTree = "<group>"; };
		B2914A2126B2F2D400CDF150 /* Base */ = {isa = PBXFileReference; lastKnownFileType = file.storyboard; name = Base; path = Base.lproj/LaunchScreen.storyboard; sourceTree = "<group>"; };
		B2914A2326B2F2D400CDF150 /* Info.plist */ = {isa = PBXFileReference; lastKnownFileType = text.plist.xml; path = Info.plist; sourceTree = "<group>"; };
/* End PBXFileReference section */

/* Begin PBXFrameworksBuildPhase section */
		B2914A0F26B2F2D200CDF150 /* Frameworks */ = {
			isa = PBXFrameworksBuildPhase;
			buildActionMask = 2147483647;
			files = (
			);
			runOnlyForDeploymentPostprocessing = 0;
		};
/* End PBXFrameworksBuildPhase section */

/* Begin PBXGroup section */
		B2914A0926B2F2D200CDF150 = {
			isa = PBXGroup;
			children = (
				B2914A1426B2F2D200CDF150 /* eggTimer */,
				B2914A1326B2F2D200CDF150 /* Products */,
			);
			sourceTree = "<group>";
		};
		B2914A1326B2F2D200CDF150 /* Products */ = {
			isa = PBXGroup;
			children = (
				B2914A1226B2F2D200CDF150 /* eggTimer.app */,
			);
			name = Products;
			sourceTree = "<group>";
		};
		B2914A1426B2F2D200CDF150 /* eggTimer */ = {
			isa = PBXGroup;
			children = (
				B2914A1526B2F2D200CDF150 /* AppDelegate.swift */,
				B2914A1726B2F2D200CDF150 /* SceneDelegate.swift */,
				B2914A1926B2F2D200CDF150 /* ViewController.swift */,
				B2914A1B26B2F2D200CDF150 /* Main.storyboard */,
				B2914A1E26B2F2D400CDF150 /* Assets.xcassets */,
				B2914A2026B2F2D400CDF150 /* LaunchScreen.storyboard */,
				B2914A2326B2F2D400CDF150 /* Info.plist */,
			);
			path = eggTimer;
			sourceTree = "<group>";
		};
/* End PBXGroup section */

/* Begin PBXNativeTarget section */
		B2914A1126B2F2D200CDF150 /* eggTimer */ = {
			isa = PBXNativeTarget;
			buildConfigurationList = B2914A2626B2F2D400CDF150 /* Build configuration list for PBXNativeTarget "eggTimer" */;
			buildPhases = (
				B2914A0E26B2F2D200CDF150 /* Sources */,
				B2914A0F26B2F2D200CDF150 /* Frameworks */,
				B2914A1026B2F2D200CDF150 /* Resources */,
			);
			buildRules = (
			);
			dependencies = (
			);
			name = eggTimer;
			productName = eggTimer;
			productReference = B2914A1226B2F2D200CDF150 /* eggTimer.app */;
			productType = "com.apple.product-type.application";
		};
/* End PBXNativeTarget section */

/* Begin PBXProject section */
		B2914A0A26B2F2D200CDF150 /* Project object */ = {
			isa = PBXProject;
			attributes = {
				LastSwiftUpdateCheck = 1250;
				LastUpgradeCheck = 1250;
				TargetAttributes = {
					B2914A1126B2F2D200CDF150 = {
						CreatedOnToolsVersion = 12.5.1;
					};
				};
			};
			buildConfigurationList = B2914A0D26B2F2D200CDF150 /* Build configuration list for PBXProject "eggTimer" */;
			compatibilityVersion = "Xcode 9.3";
			developmentRegion = en;
			hasScannedForEncodings = 0;
			knownRegions = (
				en,
				Base,
			);
			mainGroup = B2914A0926B2F2D200CDF150;
			productRefGroup = B2914A1326B2F2D200CDF150 /* Products */;
			projectDirPath = "";
			projectRoot = "";
			targets = (
				B2914A1126B2F2D200CDF150 /* eggTimer */,
			);
		};
/* End PBXProject section */

/* Begin PBXResourcesBuildPhase section */
		B2914A1026B2F2D200CDF150 /* Resources */ = {
			isa = PBXResourcesBuildPhase;
			buildActionMask = 2147483647;
			files = (
				B2914A2226B2F2D400CDF150 /* LaunchScreen.storyboard in Resources */,
				B2914A1F26B2F2D400CDF150 /* Assets.xcassets in Resources */,
				B2914A1D26B2F2D200CDF150 /* Main.storyboard in Resources */,
			);
			runOnlyForDeploymentPostprocessing = 0;
		};
/* End PBXResourcesBuildPhase section */

/* Begin PBXSourcesBuildPhase section */
		B2914A0E26B2F2D200CDF150 /* Sources */ = {
			isa = PBXSourcesBuildPhase;
			buildActionMask = 2147483647;
			files = (
				B2914A1A26B2F2D200CDF150 /* ViewController.swift in Sources */,
				B2914A1626B2F2D200CDF150 /* AppDelegate.swift in Sources */,
				B2914A1826B2F2D200CDF150 /* SceneDelegate.swift in Sources */,
			);
			runOnlyForDeploymentPostprocessing = 0;
		};
/* End PBXSourcesBuildPhase section */

/* Begin PBXVariantGroup section */
		B2914A1B26B2F2D200CDF150 /* Main.storyboard */ = {
			isa = PBXVariantGroup;
			children = (
				B2914A1C26B2F2D200CDF150 /* Base */,
			);
			name = Main.storyboard;
			sourceTree = "<group>";
		};
		B2914A2026B2F2D400CDF150 /* LaunchScreen.storyboard */ = {
			isa = PBXVariantGroup;
			children = (
				B2914A2126B2F2D400CDF150 /* Base */,
			);
			name = LaunchScreen.storyboard;
			sourceTree = "<group>";
		};
/* End PBXVariantGroup section */

/* Begin XCBuildConfiguration section */
		B2914A2426B2F2D400CDF150 /* Debug */ = {
			isa = XCBuildConfiguration;
			buildSettings = {
				ALWAYS_SEARCH_USER_PATHS = NO;
				CLANG_ANALYZER_NONNULL = YES;
				CLANG_ANALYZER_NUMBER_OBJECT_CONVERSION = YES_AGGRESSIVE;
				CLANG_CXX_LANGUAGE_STANDARD = "gnu++14";
				CLANG_CXX_LIBRARY = "libc++";
				CLANG_ENABLE_MODULES = YES;
				CLANG_ENABLE_OBJC_ARC = YES;
				CLANG_ENABLE_OBJC_WEAK = YES;
				CLANG_WARN_BLOCK_CAPTURE_AUTORELEASING = YES;
				CLANG_WARN_BOOL_CONVERSION = YES;
				CLANG_WARN_COMMA = YES;
				CLANG_WARN_CONSTANT_CONVERSION = YES;
				CLANG_WARN_DEPRECATED_OBJC_IMPLEMENTATIONS = YES;
				CLANG_WARN_DIRECT_OBJC_ISA_USAGE = YES_ERROR;
				CLANG_WARN_DOCUMENTATION_COMMENTS = YES;
				CLANG_WARN_EMPTY_BODY = YES;
				CLANG_WARN_ENUM_CONVERSION = YES;
				CLANG_WARN_INFINITE_RECURSION = YES;
				CLANG_WARN_INT_CONVERSION = YES;
				CLANG_WARN_NON_LITERAL_NULL_CONVERSION = YES;
				CLANG_WARN_OBJC_IMPLICIT_RETAIN_SELF = YES;
				CLANG_WARN_OBJC_LITERAL_CONVERSION = YES;
				CLANG_WARN_OBJC_ROOT_CLASS = YES_ERROR;
				CLANG_WARN_QUOTED_INCLUDE_IN_FRAMEWORK_HEADER = YES;
				CLANG_WARN_RANGE_LOOP_ANALYSIS = YES;
				CLANG_WARN_STRICT_PROTOTYPES = YES;
				CLANG_WARN_SUSPICIOUS_MOVE = YES;
				CLANG_WARN_UNGUARDED_AVAILABILITY = YES_AGGRESSIVE;
				CLANG_WARN_UNREACHABLE_CODE = YES;
				CLANG_WARN__DUPLICATE_METHOD_MATCH = YES;
				COPY_PHASE_STRIP = NO;
				DEBUG_INFORMATION_FORMAT = dwarf;
				ENABLE_STRICT_OBJC_MSGSEND = YES;
				ENABLE_TESTABILITY = YES;
				GCC_C_LANGUAGE_STANDARD = gnu11;
				GCC_DYNAMIC_NO_PIC = NO;
				GCC_NO_COMMON_BLOCKS = YES;
				GCC_OPTIMIZATION_LEVEL = 0;
				GCC_PREPROCESSOR_DEFINITIONS = (
					"DEBUG=1",
					"$(inherited)",
				);
				GCC_WARN_64_TO_32_BIT_CONVERSION = YES;
				GCC_WARN_ABOUT_RETURN_TYPE = YES_ERROR;
				GCC_WARN_UNDECLARED_SELECTOR = YES;
				GCC_WARN_UNINITIALIZED_AUTOS = YES_AGGRESSIVE;
				GCC_WARN_UNUSED_FUNCTION = YES;
				GCC_WARN_UNUSED_VARIABLE = YES;
				IPHONEOS_DEPLOYMENT_TARGET = 14.5;
				MTL_ENABLE_DEBUG_INFO = INCLUDE_SOURCE;
				MTL_FAST_MATH = YES;
				ONLY_ACTIVE_ARCH = YES;
				SDKROOT = iphoneos;
				SWIFT_ACTIVE_COMPILATION_CONDITIONS = DEBUG;
				SWIFT_OPTIMIZATION_LEVEL = "-Onone";
			};
			name = Debug;
		};
		B2914A2526B2F2D400CDF150 /* Release */ = {
			isa = XCBuildConfiguration;
			buildSettings = {
				ALWAYS_SEARCH_USER_PATHS = NO;
				CLANG_ANALYZER_NONNULL = YES;
				CLANG_ANALYZER_NUMBER_OBJECT_CONVERSION = YES_AGGRESSIVE;
				CLANG_CXX_LANGUAGE_STANDARD = "gnu++14";
				CLANG_CXX_LIBRARY = "libc++";
				CLANG_ENABLE_MODULES = YES;
				CLANG_ENABLE_OBJC_ARC = YES;
				CLANG_ENABLE_OBJC_WEAK = YES;
				CLANG_WARN_BLOCK_CAPTURE_AUTORELEASING = YES;
				CLANG_WARN_BOOL_CONVERSION = YES;
				CLANG_WARN_COMMA = YES;
				CLANG_WARN_CONSTANT_CONVERSION = YES;
				CLANG_WARN_DEPRECATED_OBJC_IMPLEMENTATIONS = YES;
				CLANG_WARN_DIRECT_OBJC_ISA_USAGE = YES_ERROR;
				CLANG_WARN_DOCUMENTATION_COMMENTS = YES;
				CLANG_WARN_EMPTY_BODY = YES;
				CLANG_WARN_ENUM_CONVERSION = YES;
				CLANG_WARN_INFINITE_RECURSION = YES;
				CLANG_WARN_INT_CONVERSION = YES;
				CLANG_WARN_NON_LITERAL_NULL_CONVERSION = YES;
				CLANG_WARN_OBJC_IMPLICIT_RETAIN_SELF = YES;
				CLANG_WARN_OBJC_LITERAL_CONVERSION = YES;
				CLANG_WARN_OBJC_ROOT_CLASS = YES_ERROR;
				CLANG_WARN_QUOTED_INCLUDE_IN_FRAMEWORK_HEADER = YES;
				CLANG_WARN_RANGE_LOOP_ANALYSIS = YES;
				CLANG_WARN_STRICT_PROTOTYPES = YES;
				CLANG_WARN_SUSPICIOUS_MOVE = YES;
				CLANG_WARN_UNGUARDED_AVAILABILITY = YES_AGGRESSIVE;
				CLANG_WARN_UNREACHABLE_CODE = YES;
				CLANG_WARN__DUPLICATE_METHOD_MATCH = YES;
				COPY_PHASE_STRIP = NO;
				DEBUG_INFORMATION_FORMAT = "dwarf-with-dsym";
				ENABLE_NS_ASSERTIONS = NO;
				ENABLE_STRICT_OBJC_MSGSEND = YES;
				GCC_C_LANGUAGE_STANDARD = gnu11;
				GCC_NO_COMMON_BLOCKS = YES;
				GCC_WARN_64_TO_32_BIT_CONVERSION = YES;
				GCC_WARN_ABOUT_RETURN_TYPE = YES_ERROR;
				GCC_WARN_UNDECLARED_SELECTOR = YES;
				GCC_WARN_UNINITIALIZED_AUTOS = YES_AGGRESSIVE;
				GCC_WARN_UNUSED_FUNCTION = YES;
				GCC_WARN_UNUSED_VARIABLE = YES;
				IPHONEOS_DEPLOYMENT_TARGET = 14.5;
				MTL_ENABLE_DEBUG_INFO = NO;
				MTL_FAST_MATH = YES;
				SDKROOT = iphoneos;
				SWIFT_COMPILATION_MODE = wholemodule;
				SWIFT_OPTIMIZATION_LEVEL = "-O";
				VALIDATE_PRODUCT = YES;
			};
			name = Release;
		};
		B2914A2726B2F2D400CDF150 /* Debug */ = {
			isa = XCBuildConfiguration;
			buildSettings = {
				ASSETCATALOG_COMPILER_APPICON_NAME = AppIcon;
				ASSETCATALOG_COMPILER_GLOBAL_ACCENT_COLOR_NAME = AccentColor;
				CODE_SIGN_STYLE = Automatic;
				INFOPLIST_FILE = eggTimer/Info.plist;
				LD_RUNPATH_SEARCH_PATHS = (
					"$(inherited)",
					"@executable_path/Frameworks",
				);
				PRODUCT_BUNDLE_IDENTIFIER = Development.eggTimer;
				PRODUCT_NAME = "$(TARGET_NAME)";
				SWIFT_VERSION = 5.0;
				TARGETED_DEVICE_FAMILY = "1,2";
			};
			name = Debug;
		};
		B2914A2826B2F2D400CDF150 /* Release */ = {
			isa = XCBuildConfiguration;
			buildSettings = {
				ASSETCATALOG_COMPILER_APPICON_NAME = AppIcon;
				ASSETCATALOG_COMPILER_GLOBAL_ACCENT_COLOR_NAME = AccentColor;
				CODE_SIGN_STYLE = Automatic;
				INFOPLIST_FILE = eggTimer/Info.plist;
				LD_RUNPATH_SEARCH_PATHS = (
					"$(inherited)",
					"@executable_path/Frameworks",
				);
				PRODUCT_BUNDLE_IDENTIFIER = Development.eggTimer;
				PRODUCT_NAME = "$(TARGET_NAME)";
				SWIFT_VERSION = 5.0;
				TARGETED_DEVICE_FAMILY = "1,2";
			};
			name = Release;
		};
/* End XCBuildConfiguration section */

/* Begin XCConfigurationList section */
		B2914A0D26B2F2D200CDF150 /* Build configuration list for PBXProject "eggTimer" */ = {
			isa = XCConfigurationList;
			buildConfigurations = (
				B2914A2426B2F2D400CDF150 /* Debug */,
				B2914A2526B2F2D400CDF150 /* Release */,
			);
			defaultConfigurationIsVisible = 0;
			defaultConfigurationName = Release;
		};
		B2914A2626B2F2D400CDF150 /* Build configuration list for PBXNativeTarget "eggTimer" */ = {
			isa = XCConfigurationList;
			buildConfigurations = (
				B2914A2726B2F2D400CDF150 /* Debug */,
				B2914A2826B2F2D400CDF150 /* Release */,
			);
			defaultConfigurationIsVisible = 0;
			defaultConfigurationName = Release;
		};
/* End XCConfigurationList section */
	};
	rootObject = B2914A0A26B2F2D200CDF150 /* Project object */;
}
